
Microsoft Visual Studio Solution File, Format Version 12.00
# Visual Studio 15
VisualStudioVersion = 15.0.28307.645
MinimumVisualStudioVersion = 10.0.40219.1
Project("{FAE04EC0-301F-11D3-BF4B-00C04F79EFBC}") = "SendXmlForms", "SendXmlForms\SendXmlForms.csproj", "{3FD8EEB8-CBD0-4E00-BB9E-5389531C861D}"
EndProject
Global
	GlobalSection(SolutionConfigurationPlatforms) = preSolution
		Debug|Any CPU = Debug|Any CPU
		Release|Any CPU = Release|Any CPU
	EndGlobalSection
	GlobalSection(ProjectConfigurationPlatforms) = postSolution
		{3FD8EEB8-CBD0-4E00-BB9E-5389531C861D}.Debug|Any CPU.ActiveCfg = Debug|Any CPU
		{3FD8EEB8-CBD0-4E00-BB9E-5389531C861D}.Debug|Any CPU.Build.0 = Debug|Any CPU
		{3FD8EEB8-CBD0-4E00-BB9E-5389531C861D}.Release|Any CPU.ActiveCfg = Release|Any CPU
		{3FD8EEB8-CBD0-4E00-BB9E-5389531C861D}.Release|Any CPU.Build.0 = Release|Any CPU
	EndGlobalSection
	GlobalSection(SolutionProperties) = preSolution
		HideSolutionNode = FALSE
	EndGlobalSection
	GlobalSection(ExtensibilityGlobals) = postSolution
		SolutionGuid = {7893247C-8C89-4C56-86CC-C0B3CEE7B47D}
	EndGlobalSection
EndGlobal
